
Microsoft Visual Studio Solution File, Format Version 12.00
# Visual Studio 15
VisualStudioVersion = 15.0.28307.1300
MinimumVisualStudioVersion = 10.0.40219.1
Project("{FAE04EC0-301F-11D3-BF4B-00C04F79EFBC}") = "WebApp", "WebApp\WebApp.csproj", "{D22A0D6A-8AA3-4E3A-96F0-350DB7375CD7}"
EndProject
Project("{FAE04EC0-301F-11D3-BF4B-00C04F79EFBC}") = "WebApi", "WebApi\WebApi.csproj", "{91CD0EF2-047C-462C-8F01-F73CCDBC1BD1}"
EndProject
Project("{FAE04EC0-301F-11D3-BF4B-00C04F79EFBC}") = "Data", "Data\Data.csproj", "{A8CF1D71-A4D5-4E30-B66E-D5CD88A12AB8}"
EndProject
Project("{FAE04EC0-301F-11D3-BF4B-00C04F79EFBC}") = "Domain", "Domain\Domain.csproj", "{B15E4482-9747-4D55-9C68-807433C01243}"
EndProject
Global
	GlobalSection(SolutionConfigurationPlatforms) = preSolution
		Debug|Any CPU = Debug|Any CPU
		Release|Any CPU = Release|Any CPU
	EndGlobalSection
	GlobalSection(ProjectConfigurationPlatforms) = postSolution
		{D22A0D6A-8AA3-4E3A-96F0-350DB7375CD7}.Debug|Any CPU.ActiveCfg = Debug|Any CPU
		{D22A0D6A-8AA3-4E3A-96F0-350DB7375CD7}.Debug|Any CPU.Build.0 = Debug|Any CPU
		{D22A0D6A-8AA3-4E3A-96F0-350DB7375CD7}.Release|Any CPU.ActiveCfg = Release|Any CPU
		{D22A0D6A-8AA3-4E3A-96F0-350DB7375CD7}.Release|Any CPU.Build.0 = Release|Any CPU
		{91CD0EF2-047C-462C-8F01-F73CCDBC1BD1}.Debug|Any CPU.ActiveCfg = Debug|Any CPU
		{91CD0EF2-047C-462C-8F01-F73CCDBC1BD1}.Debug|Any CPU.Build.0 = Debug|Any CPU
		{91CD0EF2-047C-462C-8F01-F73CCDBC1BD1}.Release|Any CPU.ActiveCfg = Release|Any CPU
		{91CD0EF2-047C-462C-8F01-F73CCDBC1BD1}.Release|Any CPU.Build.0 = Release|Any CPU
		{A8CF1D71-A4D5-4E30-B66E-D5CD88A12AB8}.Debug|Any CPU.ActiveCfg = Debug|Any CPU
		{A8CF1D71-A4D5-4E30-B66E-D5CD88A12AB8}.Debug|Any CPU.Build.0 = Debug|Any CPU
		{A8CF1D71-A4D5-4E30-B66E-D5CD88A12AB8}.Release|Any CPU.ActiveCfg = Release|Any CPU
		{A8CF1D71-A4D5-4E30-B66E-D5CD88A12AB8}.Release|Any CPU.Build.0 = Release|Any CPU
		{B15E4482-9747-4D55-9C68-807433C01243}.Debug|Any CPU.ActiveCfg = Debug|Any CPU
		{B15E4482-9747-4D55-9C68-807433C01243}.Debug|Any CPU.Build.0 = Debug|Any CPU
		{B15E4482-9747-4D55-9C68-807433C01243}.Release|Any CPU.ActiveCfg = Release|Any CPU
		{B15E4482-9747-4D55-9C68-807433C01243}.Release|Any CPU.Build.0 = Release|Any CPU
	EndGlobalSection
	GlobalSection(SolutionProperties) = preSolution
		HideSolutionNode = FALSE
	EndGlobalSection
	GlobalSection(ExtensibilityGlobals) = postSolution
		SolutionGuid = {A17AF1E6-E528-419F-82CB-1D19F709E0A5}
	EndGlobalSection
EndGlobal
